
Microsoft Visual Studio Solution File, Format Version 12.00
# Visual Studio Version 17
VisualStudioVersion = 17.6.33815.320
MinimumVisualStudioVersion = 10.0.40219.1
Project("{FAE04EC0-301F-11D3-BF4B-00C04F79EFBC}") = "The default Case", "The default Case\The default Case.csproj", "{B10DC753-31C6-48D2-84D4-EA0D14A9737D}"
EndProject
Global
	GlobalSection(SolutionConfigurationPlatforms) = preSolution
		Debug|Any CPU = Debug|Any CPU
		Release|Any CPU = Release|Any CPU
	EndGlobalSection
	GlobalSection(ProjectConfigurationPlatforms) = postSolution
		{B10DC753-31C6-48D2-84D4-EA0D14A9737D}.Debug|Any CPU.ActiveCfg = Debug|Any CPU
		{B10DC753-31C6-48D2-84D4-EA0D14A9737D}.Debug|Any CPU.Build.0 = Debug|Any CPU
		{B10DC753-31C6-48D2-84D4-EA0D14A9737D}.Release|Any CPU.ActiveCfg = Release|Any CPU
		{B10DC753-31C6-48D2-84D4-EA0D14A9737D}.Release|Any CPU.Build.0 = Release|Any CPU
	EndGlobalSection
	GlobalSection(SolutionProperties) = preSolution
		HideSolutionNode = FALSE
	EndGlobalSection
	GlobalSection(ExtensibilityGlobals) = postSolution
		SolutionGuid = {CBB04604-4772-411D-848B-68ADA219CE62}
	EndGlobalSection
EndGlobal
