
Microsoft Visual Studio Solution File, Format Version 12.00
# Visual Studio Version 17
VisualStudioVersion = 17.6.33815.320
MinimumVisualStudioVersion = 10.0.40219.1
Project("{FAE04EC0-301F-11D3-BF4B-00C04F79EFBC}") = "for", "for\for.csproj", "{CC592860-51A8-4888-A680-E5552D227335}"
EndProject
Global
	GlobalSection(SolutionConfigurationPlatforms) = preSolution
		Debug|Any CPU = Debug|Any CPU
		Release|Any CPU = Release|Any CPU
	EndGlobalSection
	GlobalSection(ProjectConfigurationPlatforms) = postSolution
		{CC592860-51A8-4888-A680-E5552D227335}.Debug|Any CPU.ActiveCfg = Debug|Any CPU
		{CC592860-51A8-4888-A680-E5552D227335}.Debug|Any CPU.Build.0 = Debug|Any CPU
		{CC592860-51A8-4888-A680-E5552D227335}.Release|Any CPU.ActiveCfg = Release|Any CPU
		{CC592860-51A8-4888-A680-E5552D227335}.Release|Any CPU.Build.0 = Release|Any CPU
	EndGlobalSection
	GlobalSection(SolutionProperties) = preSolution
		HideSolutionNode = FALSE
	EndGlobalSection
	GlobalSection(ExtensibilityGlobals) = postSolution
		SolutionGuid = {F108CC1D-F2D5-457E-84D9-0FA0DBBE4D7A}
	EndGlobalSection
EndGlobal
