
Microsoft Visual Studio Solution File, Format Version 12.00
# Visual Studio Version 17
VisualStudioVersion = 17.6.33815.320
MinimumVisualStudioVersion = 10.0.40219.1
Project("{FAE04EC0-301F-11D3-BF4B-00C04F79EFBC}") = "logical operand", "logical operand\logical operand.csproj", "{634170B8-C88E-4B36-87BD-AFC387140295}"
EndProject
Global
	GlobalSection(SolutionConfigurationPlatforms) = preSolution
		Debug|Any CPU = Debug|Any CPU
		Release|Any CPU = Release|Any CPU
	EndGlobalSection
	GlobalSection(ProjectConfigurationPlatforms) = postSolution
		{634170B8-C88E-4B36-87BD-AFC387140295}.Debug|Any CPU.ActiveCfg = Debug|Any CPU
		{634170B8-C88E-4B36-87BD-AFC387140295}.Debug|Any CPU.Build.0 = Debug|Any CPU
		{634170B8-C88E-4B36-87BD-AFC387140295}.Release|Any CPU.ActiveCfg = Release|Any CPU
		{634170B8-C88E-4B36-87BD-AFC387140295}.Release|Any CPU.Build.0 = Release|Any CPU
	EndGlobalSection
	GlobalSection(SolutionProperties) = preSolution
		HideSolutionNode = FALSE
	EndGlobalSection
	GlobalSection(ExtensibilityGlobals) = postSolution
		SolutionGuid = {2782C80E-6AAE-493E-AE2E-9AF427D57A49}
	EndGlobalSection
EndGlobal
