
Microsoft Visual Studio Solution File, Format Version 12.00
# Visual Studio Version 17
VisualStudioVersion = 17.6.33815.320
MinimumVisualStudioVersion = 10.0.40219.1
Project("{FAE04EC0-301F-11D3-BF4B-00C04F79EFBC}") = "The default Case_with_switch", "The default Case_with_switch\The default Case_with_switch.csproj", "{911EE1B3-44BD-4682-8EE9-3826840E5E71}"
EndProject
Global
	GlobalSection(SolutionConfigurationPlatforms) = preSolution
		Debug|Any CPU = Debug|Any CPU
		Release|Any CPU = Release|Any CPU
	EndGlobalSection
	GlobalSection(ProjectConfigurationPlatforms) = postSolution
		{911EE1B3-44BD-4682-8EE9-3826840E5E71}.Debug|Any CPU.ActiveCfg = Debug|Any CPU
		{911EE1B3-44BD-4682-8EE9-3826840E5E71}.Debug|Any CPU.Build.0 = Debug|Any CPU
		{911EE1B3-44BD-4682-8EE9-3826840E5E71}.Release|Any CPU.ActiveCfg = Release|Any CPU
		{911EE1B3-44BD-4682-8EE9-3826840E5E71}.Release|Any CPU.Build.0 = Release|Any CPU
	EndGlobalSection
	GlobalSection(SolutionProperties) = preSolution
		HideSolutionNode = FALSE
	EndGlobalSection
	GlobalSection(ExtensibilityGlobals) = postSolution
		SolutionGuid = {33537092-B20F-4939-B89A-DCD399B4244F}
	EndGlobalSection
EndGlobal
